
Microsoft Visual Studio Solution File, Format Version 12.00
# Visual Studio Version 17
VisualStudioVersion = 17.8.34316.72
MinimumVisualStudioVersion = 10.0.40219.1
Project("{FAE04EC0-301F-11D3-BF4B-00C04F79EFBC}") = "PostApplication", "PostApplication.csproj", "{185A11D9-3ECB-4C50-88DD-2CE38A3C2598}"
EndProject
Global
	GlobalSection(SolutionConfigurationPlatforms) = preSolution
		Debug|Any CPU = Debug|Any CPU
		Release|Any CPU = Release|Any CPU
	EndGlobalSection
	GlobalSection(ProjectConfigurationPlatforms) = postSolution
		{185A11D9-3ECB-4C50-88DD-2CE38A3C2598}.Debug|Any CPU.ActiveCfg = Debug|Any CPU
		{185A11D9-3ECB-4C50-88DD-2CE38A3C2598}.Debug|Any CPU.Build.0 = Debug|Any CPU
		{185A11D9-3ECB-4C50-88DD-2CE38A3C2598}.Release|Any CPU.ActiveCfg = Release|Any CPU
		{185A11D9-3ECB-4C50-88DD-2CE38A3C2598}.Release|Any CPU.Build.0 = Release|Any CPU
	EndGlobalSection
	GlobalSection(SolutionProperties) = preSolution
		HideSolutionNode = FALSE
	EndGlobalSection
	GlobalSection(ExtensibilityGlobals) = postSolution
		SolutionGuid = {16D66653-2304-4277-84E8-4DD8FBE20DBF}
	EndGlobalSection
EndGlobal
